
Microsoft Visual Studio Solution File, Format Version 12.00
# Visual Studio Version 16
VisualStudioVersion = 16.0.31613.86
MinimumVisualStudioVersion = 10.0.40219.1
Project("{FAE04EC0-301F-11D3-BF4B-00C04F79EFBC}") = "SalesWebMvc", "SalesWebMvc\SalesWebMvc.csproj", "{24611A87-111A-43C9-B55E-D9B282B090A3}"
EndProject
Global
	GlobalSection(SolutionConfigurationPlatforms) = preSolution
		Debug|Any CPU = Debug|Any CPU
		Release|Any CPU = Release|Any CPU
	EndGlobalSection
	GlobalSection(ProjectConfigurationPlatforms) = postSolution
		{24611A87-111A-43C9-B55E-D9B282B090A3}.Debug|Any CPU.ActiveCfg = Debug|Any CPU
		{24611A87-111A-43C9-B55E-D9B282B090A3}.Debug|Any CPU.Build.0 = Debug|Any CPU
		{24611A87-111A-43C9-B55E-D9B282B090A3}.Release|Any CPU.ActiveCfg = Release|Any CPU
		{24611A87-111A-43C9-B55E-D9B282B090A3}.Release|Any CPU.Build.0 = Release|Any CPU
	EndGlobalSection
	GlobalSection(SolutionProperties) = preSolution
		HideSolutionNode = FALSE
	EndGlobalSection
	GlobalSection(ExtensibilityGlobals) = postSolution
		SolutionGuid = {A2A35F7B-BF99-4D13-B8A7-1848990FE890}
	EndGlobalSection
EndGlobal
